
Microsoft Visual Studio Solution File, Format Version 12.00
# Visual Studio Version 17
VisualStudioVersion = 17.11.35219.272
MinimumVisualStudioVersion = 10.0.40219.1
Project("{9A19103F-16F7-4668-BE54-9A1E7A4F7556}") = "Messanger.WebAPI", "Messanger.WebAPI.csproj", "{C2285487-734B-4CAC-AA9C-84B9FDC1654D}"
EndProject
Project("{2150E333-8FDC-42A3-9474-1A3956D46DE8}") = "Messanger.Core", "Messanger.Core", "{4A527559-8DD8-4787-B1F5-4E4061B9B859}"
EndProject
Project("{2150E333-8FDC-42A3-9474-1A3956D46DE8}") = "Messanger.Infrastructure", "Messanger.Infrastructure", "{0DF43646-3C18-4EC4-AF01-2C726E3900F7}"
EndProject
Project("{2150E333-8FDC-42A3-9474-1A3956D46DE8}") = "Messanger.Presentation", "Messanger.Presentation", "{3B8BCA86-E9C6-426C-B723-1BB82BDF6635}"
EndProject
Project("{9A19103F-16F7-4668-BE54-9A1E7A4F7556}") = "Messanger.Domain", "..\Messanger.Domain\Messanger.Domain.csproj", "{9CE2D561-BB31-4BC3-809E-B4CA2427592A}"
EndProject
Project("{9A19103F-16F7-4668-BE54-9A1E7A4F7556}") = "Messanger.Application", "..\Messanger.Application\Messanger.Application.csproj", "{778A0E2A-4DF7-4B60-B9E1-A91CCDD82FA9}"
EndProject
Project("{9A19103F-16F7-4668-BE54-9A1E7A4F7556}") = "Messanger.Persistence", "..\Messanger.Persistence\Messanger.Persistence.csproj", "{C886C943-CF77-412C-BD08-C38C32DC6AB7}"
EndProject
Project("{FAE04EC0-301F-11D3-BF4B-00C04F79EFBC}") = "Messanger.ExternalServices", "..\ExternalServices\Messanger.ExternalServices.csproj", "{023A8AB2-DA5E-4FEF-9578-8A0F1C3ED6E8}"
EndProject
Global
	GlobalSection(SolutionConfigurationPlatforms) = preSolution
		Debug|Any CPU = Debug|Any CPU
		Debug|x64 = Debug|x64
		Release|Any CPU = Release|Any CPU
		Release|x64 = Release|x64
	EndGlobalSection
	GlobalSection(ProjectConfigurationPlatforms) = postSolution
		{C2285487-734B-4CAC-AA9C-84B9FDC1654D}.Debug|Any CPU.ActiveCfg = Debug|Any CPU
		{C2285487-734B-4CAC-AA9C-84B9FDC1654D}.Debug|Any CPU.Build.0 = Debug|Any CPU
		{C2285487-734B-4CAC-AA9C-84B9FDC1654D}.Debug|x64.ActiveCfg = Debug|Any CPU
		{C2285487-734B-4CAC-AA9C-84B9FDC1654D}.Debug|x64.Build.0 = Debug|Any CPU
		{C2285487-734B-4CAC-AA9C-84B9FDC1654D}.Release|Any CPU.ActiveCfg = Release|Any CPU
		{C2285487-734B-4CAC-AA9C-84B9FDC1654D}.Release|Any CPU.Build.0 = Release|Any CPU
		{C2285487-734B-4CAC-AA9C-84B9FDC1654D}.Release|x64.ActiveCfg = Release|Any CPU
		{C2285487-734B-4CAC-AA9C-84B9FDC1654D}.Release|x64.Build.0 = Release|Any CPU
		{9CE2D561-BB31-4BC3-809E-B4CA2427592A}.Debug|Any CPU.ActiveCfg = Debug|Any CPU
		{9CE2D561-BB31-4BC3-809E-B4CA2427592A}.Debug|Any CPU.Build.0 = Debug|Any CPU
		{9CE2D561-BB31-4BC3-809E-B4CA2427592A}.Debug|x64.ActiveCfg = Debug|Any CPU
		{9CE2D561-BB31-4BC3-809E-B4CA2427592A}.Debug|x64.Build.0 = Debug|Any CPU
		{9CE2D561-BB31-4BC3-809E-B4CA2427592A}.Release|Any CPU.ActiveCfg = Release|Any CPU
		{9CE2D561-BB31-4BC3-809E-B4CA2427592A}.Release|Any CPU.Build.0 = Release|Any CPU
		{9CE2D561-BB31-4BC3-809E-B4CA2427592A}.Release|x64.ActiveCfg = Release|Any CPU
		{9CE2D561-BB31-4BC3-809E-B4CA2427592A}.Release|x64.Build.0 = Release|Any CPU
		{778A0E2A-4DF7-4B60-B9E1-A91CCDD82FA9}.Debug|Any CPU.ActiveCfg = Debug|Any CPU
		{778A0E2A-4DF7-4B60-B9E1-A91CCDD82FA9}.Debug|Any CPU.Build.0 = Debug|Any CPU
		{778A0E2A-4DF7-4B60-B9E1-A91CCDD82FA9}.Debug|x64.ActiveCfg = Debug|x64
		{778A0E2A-4DF7-4B60-B9E1-A91CCDD82FA9}.Debug|x64.Build.0 = Debug|x64
		{778A0E2A-4DF7-4B60-B9E1-A91CCDD82FA9}.Release|Any CPU.ActiveCfg = Release|Any CPU
		{778A0E2A-4DF7-4B60-B9E1-A91CCDD82FA9}.Release|Any CPU.Build.0 = Release|Any CPU
		{778A0E2A-4DF7-4B60-B9E1-A91CCDD82FA9}.Release|x64.ActiveCfg = Release|x64
		{778A0E2A-4DF7-4B60-B9E1-A91CCDD82FA9}.Release|x64.Build.0 = Release|x64
		{C886C943-CF77-412C-BD08-C38C32DC6AB7}.Debug|Any CPU.ActiveCfg = Debug|Any CPU
		{C886C943-CF77-412C-BD08-C38C32DC6AB7}.Debug|Any CPU.Build.0 = Debug|Any CPU
		{C886C943-CF77-412C-BD08-C38C32DC6AB7}.Debug|x64.ActiveCfg = Debug|Any CPU
		{C886C943-CF77-412C-BD08-C38C32DC6AB7}.Debug|x64.Build.0 = Debug|Any CPU
		{C886C943-CF77-412C-BD08-C38C32DC6AB7}.Release|Any CPU.ActiveCfg = Release|Any CPU
		{C886C943-CF77-412C-BD08-C38C32DC6AB7}.Release|Any CPU.Build.0 = Release|Any CPU
		{C886C943-CF77-412C-BD08-C38C32DC6AB7}.Release|x64.ActiveCfg = Release|Any CPU
		{C886C943-CF77-412C-BD08-C38C32DC6AB7}.Release|x64.Build.0 = Release|Any CPU
		{023A8AB2-DA5E-4FEF-9578-8A0F1C3ED6E8}.Debug|Any CPU.ActiveCfg = Debug|Any CPU
		{023A8AB2-DA5E-4FEF-9578-8A0F1C3ED6E8}.Debug|Any CPU.Build.0 = Debug|Any CPU
		{023A8AB2-DA5E-4FEF-9578-8A0F1C3ED6E8}.Debug|x64.ActiveCfg = Debug|Any CPU
		{023A8AB2-DA5E-4FEF-9578-8A0F1C3ED6E8}.Debug|x64.Build.0 = Debug|Any CPU
		{023A8AB2-DA5E-4FEF-9578-8A0F1C3ED6E8}.Release|Any CPU.ActiveCfg = Release|Any CPU
		{023A8AB2-DA5E-4FEF-9578-8A0F1C3ED6E8}.Release|Any CPU.Build.0 = Release|Any CPU
		{023A8AB2-DA5E-4FEF-9578-8A0F1C3ED6E8}.Release|x64.ActiveCfg = Release|Any CPU
		{023A8AB2-DA5E-4FEF-9578-8A0F1C3ED6E8}.Release|x64.Build.0 = Release|Any CPU
	EndGlobalSection
	GlobalSection(SolutionProperties) = preSolution
		HideSolutionNode = FALSE
	EndGlobalSection
	GlobalSection(NestedProjects) = preSolution
		{C2285487-734B-4CAC-AA9C-84B9FDC1654D} = {3B8BCA86-E9C6-426C-B723-1BB82BDF6635}
		{9CE2D561-BB31-4BC3-809E-B4CA2427592A} = {4A527559-8DD8-4787-B1F5-4E4061B9B859}
		{778A0E2A-4DF7-4B60-B9E1-A91CCDD82FA9} = {4A527559-8DD8-4787-B1F5-4E4061B9B859}
		{C886C943-CF77-412C-BD08-C38C32DC6AB7} = {0DF43646-3C18-4EC4-AF01-2C726E3900F7}
		{023A8AB2-DA5E-4FEF-9578-8A0F1C3ED6E8} = {0DF43646-3C18-4EC4-AF01-2C726E3900F7}
	EndGlobalSection
	GlobalSection(ExtensibilityGlobals) = postSolution
		SolutionGuid = {148FFD05-764B-40A5-BE26-CC0A11D5BD79}
	EndGlobalSection
EndGlobal
